# This file is automatically @generated by Cargo.
# It is not intended for manual editing.
version = 4

[[package]]
name = "cerbero-agent"
version = "0.0.0"
dependencies = [
 "cerbero-common",
]

[[package]]
name = "cerbero-common"
version = "0.0.0"

[[package]]
name = "cerbero-detection-core"
version = "0.0.0"

[[package]]
name = "cerbero-integrity"
version = "0.0.0"

[[package]]
name = "cerbero-normalizer"
version = "0.0.0"
dependencies = [
 "cerbero-common",
]

[[package]]
name = "cerbero-tui"
version = "0.0.0"
dependencies = [
 "cerbero-common",
]
